
Microsoft Visual Studio Solution File, Format Version 12.00
# Visual Studio Version 16
VisualStudioVersion = 16.0.31515.178
MinimumVisualStudioVersion = 10.0.40219.1
Project("{888888A0-9F3D-457C-B088-3A5042F75D52}") = "Movie Guide Part 1 Lab", "Movie Guide Part 1 Lab.pyproj", "{AAC6078A-55A2-4F75-B956-DBD6ADBD1ED7}"
EndProject
Global
	GlobalSection(SolutionConfigurationPlatforms) = preSolution
		Debug|Any CPU = Debug|Any CPU
		Release|Any CPU = Release|Any CPU
	EndGlobalSection
	GlobalSection(ProjectConfigurationPlatforms) = postSolution
		{AAC6078A-55A2-4F75-B956-DBD6ADBD1ED7}.Debug|Any CPU.ActiveCfg = Debug|Any CPU
		{AAC6078A-55A2-4F75-B956-DBD6ADBD1ED7}.Release|Any CPU.ActiveCfg = Release|Any CPU
	EndGlobalSection
	GlobalSection(SolutionProperties) = preSolution
		HideSolutionNode = FALSE
	EndGlobalSection
	GlobalSection(ExtensibilityGlobals) = postSolution
		SolutionGuid = {3861E062-FDC6-48AD-8211-7BF5A649D726}
	EndGlobalSection
EndGlobal
